
Microsoft Visual Studio Solution File, Format Version 12.00
Project("{FAE04EC0-301F-11D3-BF4B-00C04F79EFBC}") = "TraderExample", "TraderExample\TraderExample.csproj", "{316F0472-80EC-49D1-A511-5FF1F3D7B7CA}"
EndProject
Global
	GlobalSection(SolutionConfigurationPlatforms) = preSolution
		Debug|Any CPU = Debug|Any CPU
		Release|Any CPU = Release|Any CPU
	EndGlobalSection
	GlobalSection(ProjectConfigurationPlatforms) = postSolution
		{316F0472-80EC-49D1-A511-5FF1F3D7B7CA}.Debug|Any CPU.ActiveCfg = Debug|Any CPU
		{316F0472-80EC-49D1-A511-5FF1F3D7B7CA}.Debug|Any CPU.Build.0 = Debug|Any CPU
		{316F0472-80EC-49D1-A511-5FF1F3D7B7CA}.Release|Any CPU.ActiveCfg = Release|Any CPU
		{316F0472-80EC-49D1-A511-5FF1F3D7B7CA}.Release|Any CPU.Build.0 = Release|Any CPU
	EndGlobalSection
EndGlobal
